
Microsoft Visual Studio Solution File, Format Version 12.00
# Visual Studio Version 17
VisualStudioVersion = 17.0.31903.59
MinimumVisualStudioVersion = 10.0.40219.1
Project("{FAE04EC0-301F-11D3-BF4B-00C04F79EFBC}") = "RunningSumOf1dArray", "RunningSumOf1dArray\RunningSumOf1dArray.csproj", "{03EDF681-B658-436C-938F-9F7E7B0002B3}"
EndProject
Project("{FAE04EC0-301F-11D3-BF4B-00C04F79EFBC}") = "RunningSumOf1dArray.Tests", "RunningSumOf1dArray.Tests\RunningSumOf1dArray.Tests.csproj", "{B3C876B1-AC94-4F71-8EBB-5E9121014E97}"
EndProject
Global
	GlobalSection(SolutionConfigurationPlatforms) = preSolution
		Debug|Any CPU = Debug|Any CPU
		Release|Any CPU = Release|Any CPU
	EndGlobalSection
	GlobalSection(SolutionProperties) = preSolution
		HideSolutionNode = FALSE
	EndGlobalSection
	GlobalSection(ProjectConfigurationPlatforms) = postSolution
		{03EDF681-B658-436C-938F-9F7E7B0002B3}.Debug|Any CPU.ActiveCfg = Debug|Any CPU
		{03EDF681-B658-436C-938F-9F7E7B0002B3}.Debug|Any CPU.Build.0 = Debug|Any CPU
		{03EDF681-B658-436C-938F-9F7E7B0002B3}.Release|Any CPU.ActiveCfg = Release|Any CPU
		{03EDF681-B658-436C-938F-9F7E7B0002B3}.Release|Any CPU.Build.0 = Release|Any CPU
		{B3C876B1-AC94-4F71-8EBB-5E9121014E97}.Debug|Any CPU.ActiveCfg = Debug|Any CPU
		{B3C876B1-AC94-4F71-8EBB-5E9121014E97}.Debug|Any CPU.Build.0 = Debug|Any CPU
		{B3C876B1-AC94-4F71-8EBB-5E9121014E97}.Release|Any CPU.ActiveCfg = Release|Any CPU
		{B3C876B1-AC94-4F71-8EBB-5E9121014E97}.Release|Any CPU.Build.0 = Release|Any CPU
	EndGlobalSection
EndGlobal
