
Microsoft Visual Studio Solution File, Format Version 12.00
# Visual Studio Version 17
VisualStudioVersion = 17.0.31903.59
MinimumVisualStudioVersion = 10.0.40219.1
Project("{FAE04EC0-301F-11D3-BF4B-00C04F79EFBC}") = "RichestCustomerWealth", "RichestCustomerWealth\RichestCustomerWealth.csproj", "{A9A715E7-2C85-42DA-8F0E-6CD59CC380C9}"
EndProject
Project("{FAE04EC0-301F-11D3-BF4B-00C04F79EFBC}") = "RichestCustomerWealth.Tests", "RichestCustomerWealth.Tests\RichestCustomerWealth.Tests.csproj", "{9736A413-7958-4400-BF8B-EA036EEB296D}"
EndProject
Global
	GlobalSection(SolutionConfigurationPlatforms) = preSolution
		Debug|Any CPU = Debug|Any CPU
		Release|Any CPU = Release|Any CPU
	EndGlobalSection
	GlobalSection(SolutionProperties) = preSolution
		HideSolutionNode = FALSE
	EndGlobalSection
	GlobalSection(ProjectConfigurationPlatforms) = postSolution
		{A9A715E7-2C85-42DA-8F0E-6CD59CC380C9}.Debug|Any CPU.ActiveCfg = Debug|Any CPU
		{A9A715E7-2C85-42DA-8F0E-6CD59CC380C9}.Debug|Any CPU.Build.0 = Debug|Any CPU
		{A9A715E7-2C85-42DA-8F0E-6CD59CC380C9}.Release|Any CPU.ActiveCfg = Release|Any CPU
		{A9A715E7-2C85-42DA-8F0E-6CD59CC380C9}.Release|Any CPU.Build.0 = Release|Any CPU
		{9736A413-7958-4400-BF8B-EA036EEB296D}.Debug|Any CPU.ActiveCfg = Debug|Any CPU
		{9736A413-7958-4400-BF8B-EA036EEB296D}.Debug|Any CPU.Build.0 = Debug|Any CPU
		{9736A413-7958-4400-BF8B-EA036EEB296D}.Release|Any CPU.ActiveCfg = Release|Any CPU
		{9736A413-7958-4400-BF8B-EA036EEB296D}.Release|Any CPU.Build.0 = Release|Any CPU
	EndGlobalSection
EndGlobal
